# Generated by conda-lock.
# platform: linux-64
# input_hash: 3f5d6c920975a9133504f3642bb8901fca736d0901307596e25d1eae4c8c1b46
@EXPLICIT
https://conda.anaconda.org/conda-forge/noarch/cuda-version-12.4-h3060b56_3.conda#c9a3fe8b957176e1a8452c6f3431b0d8
https://conda.anaconda.org/conda-forge/noarch/font-ttf-dejavu-sans-mono-2.37-hab24e00_0.tar.bz2#0c96522c6bdaed4b1566d11387caaf45
https://conda.anaconda.org/conda-forge/noarch/font-ttf-inconsolata-3.000-h77eed37_0.tar.bz2#34893075a5c9e55cdafac56607368fc6
https://conda.anaconda.org/conda-forge/noarch/font-ttf-source-code-pro-2.038-h77eed37_0.tar.bz2#4d59c254e01d9cde7957100457e2d5fb
https://conda.anaconda.org/conda-forge/noarch/font-ttf-ubuntu-0.83-h77eed37_3.conda#49023d73832ef61042f6a237cb2687e7
https://conda.anaconda.org/conda-forge/linux-64/mpi-1.0-openmpi.tar.bz2#1dcc49e16749ff79ba2194fa5d4ca5e7
https://conda.anaconda.org/conda-forge/noarch/python_abi-3.12-8_cp312.conda#c3efd25ac4d74b1584d2f7a57195ddf1
https://conda.anaconda.org/pytorch/noarch/pytorch-mutex-1.0-cuda.tar.bz2#a948316e36fb5b11223b3fcfa93f8358
https://conda.anaconda.org/conda-forge/noarch/tzdata-2025c-hc9c84f9_1.conda#ad659d0a2b3e47e38d829aa8cad2d610
https://conda.anaconda.org/conda-forge/noarch/ca-certificates-2026.2.25-hbd8a1cb_0.conda#4492fd26db29495f0ba23f146cd5638d
https://conda.anaconda.org/conda-forge/noarch/cuda-cudart_linux-64-12.4.127-h85509e4_2.conda#329163110a96514802e9e64d971edf43
https://conda.anaconda.org/conda-forge/noarch/fonts-conda-forge-1-hc364b38_1.conda#a7970cd949a077b7cb9696379d338681
https://conda.anaconda.org/conda-forge/linux-64/libgomp-15.2.0-he0feb66_18.conda#239c5e9546c38a1e884d69effcf4c882
https://conda.anaconda.org/conda-forge/noarch/fonts-conda-ecosystem-1-0.tar.bz2#fee5683a3f04bd15cbd8318b096a27ab
https://conda.anaconda.org/conda-forge/linux-64/_openmp_mutex-4.5-7_kmp_llvm.conda#887b70e1d607fba7957aa02f9ee0d939
https://conda.anaconda.org/conda-forge/linux-64/libgcc-15.2.0-he0feb66_18.conda#0aa00f03f9e39fb9876085dee11a85d4
https://conda.anaconda.org/conda-forge/linux-64/aws-c-common-0.12.6-hb03c661_0.conda#e36ad70a7e0b48f091ed6902f04c23b8
https://conda.anaconda.org/conda-forge/linux-64/bzip2-1.0.8-hda65f42_9.conda#d2ffd7602c02f2b316fd921d39876885
https://conda.anaconda.org/conda-forge/linux-64/c-ares-1.34.6-hb03c661_0.conda#920bb03579f15389b9e512095ad995b7
https://conda.anaconda.org/conda-forge/linux-64/keyutils-1.6.3-hb9d3cd8_0.conda#b38117a3c920364aff79f870c984b4a3
https://conda.anaconda.org/conda-forge/linux-64/libbrotlicommon-1.2.0-hb03c661_1.conda#72c8fd1af66bd67bf580645b426513ed
https://conda.anaconda.org/conda-forge/linux-64/libdeflate-1.25-h17f619e_0.conda#6c77a605a7a689d17d4819c0f8ac9a00
https://conda.anaconda.org/conda-forge/linux-64/libexpat-2.7.4-hecca717_0.conda#e7f7ce06ec24cfcfb9e36d28cf82ba57
https://conda.anaconda.org/conda-forge/linux-64/libffi-3.5.2-h3435931_0.conda#a360c33a5abe61c07959e449fa1453eb
https://conda.anaconda.org/conda-forge/linux-64/libgcc-ng-15.2.0-h69a702a_18.conda#d5e96b1ed75ca01906b3d2469b4ce493
https://conda.anaconda.org/conda-forge/linux-64/libgfortran5-15.2.0-h68bc16d_18.conda#646855f357199a12f02a87382d429b75
https://conda.anaconda.org/conda-forge/linux-64/libiconv-1.18-h3b78370_2.conda#915f5995e94f60e9a4826e0b0920ee88
https://conda.anaconda.org/conda-forge/linux-64/libjpeg-turbo-3.1.2-hb03c661_0.conda#8397539e3a0bbd1695584fb4f927485a
https://conda.anaconda.org/conda-forge/linux-64/liblzma-5.8.2-hb03c661_0.conda#c7c83eecbb72d88b940c249af56c8b17
https://conda.anaconda.org/conda-forge/linux-64/libnsl-2.0.1-hb9d3cd8_1.conda#d864d34357c3b65a4b731f78c0801dc4
https://conda.anaconda.org/conda-forge/linux-64/libntlm-1.8-hb9d3cd8_0.conda#7c7927b404672409d9917d49bff5f2d6
https://conda.anaconda.org/conda-forge/linux-64/libstdcxx-15.2.0-h934c35e_18.conda#1b08cd684f34175e4514474793d44bcb
https://conda.anaconda.org/conda-forge/linux-64/libuuid-2.41.3-h5347b49_0.conda#db409b7c1720428638e7c0d509d3e1b5
https://conda.anaconda.org/conda-forge/linux-64/libwebp-base-1.6.0-hd42ef1d_0.conda#aea31d2e5b1091feca96fcfe945c3cf9
https://conda.anaconda.org/conda-forge/linux-64/libzlib-1.3.1-hb9d3cd8_2.conda#edb0dca6bc32e4f4789199455a1dbeb8
https://conda.anaconda.org/conda-forge/linux-64/ncurses-6.5-h2d0b736_3.conda#47e340acb35de30501a76c7c799c41d7
https://conda.anaconda.org/conda-forge/linux-64/openssl-3.6.1-h35e630c_1.conda#f61eb8cd60ff9057122a3d338b99c00f
https://conda.anaconda.org/conda-forge/linux-64/pthread-stubs-0.4-hb9d3cd8_1002.conda#b3c17d95b5a10c6e64a21fa17573e70e
https://conda.anaconda.org/conda-forge/linux-64/xorg-libice-1.1.2-hb9d3cd8_0.conda#fb901ff28063514abb6046c9ec2c4a45
https://conda.anaconda.org/conda-forge/linux-64/xorg-libxau-1.0.12-hb03c661_1.conda#b2895afaf55bf96a8c8282a2e47a5de0
https://conda.anaconda.org/conda-forge/linux-64/xorg-libxdmcp-1.1.5-hb03c661_1.conda#1dafce8548e38671bea82e3f5c6ce22f
https://conda.anaconda.org/conda-forge/linux-64/yaml-0.2.5-h280c20c_3.conda#a77f85f77be52ff59391544bfe73390a
https://conda.anaconda.org/conda-forge/linux-64/aws-c-cal-0.9.13-h2c9d079_1.conda#3c3d02681058c3d206b562b2e3bc337f
https://conda.anaconda.org/conda-forge/linux-64/aws-c-compression-0.3.2-h8b1a151_0.conda#f16f498641c9e05b645fe65902df661a
https://conda.anaconda.org/conda-forge/linux-64/aws-c-sdkutils-0.2.4-h8b1a151_4.conda#c7e3e08b7b1b285524ab9d74162ce40b
https://conda.anaconda.org/conda-forge/linux-64/aws-checksums-0.2.10-h8b1a151_0.conda#f8e1bcc5c7d839c5882e94498791be08
https://conda.anaconda.org/conda-forge/linux-64/lerc-4.1.0-hdb68285_0.conda#a752488c68f2e7c456bcbd8f16eec275
https://conda.anaconda.org/conda-forge/linux-64/libabseil-20260107.1-cxx17_h7b12aa8_0.conda#6f7b4302263347698fd24565fbf11310
https://conda.anaconda.org/conda-forge/linux-64/libasprintf-0.25.1-h3f43e3d_1.conda#3b0d184bc9404516d418d4509e418bdc
https://conda.anaconda.org/conda-forge/linux-64/libbrotlidec-1.2.0-hb03c661_1.conda#366b40a69f0ad6072561c1d09301c886
https://conda.anaconda.org/conda-forge/linux-64/libbrotlienc-1.2.0-hb03c661_1.conda#4ffbb341c8b616aa2494b6afb26a0c5f
https://conda.anaconda.org/conda-forge/linux-64/libedit-3.1.20250104-pl5321h7949ede_0.conda#c277e0a4d549b03ac1e9d6cbbe3d017b
https://conda.anaconda.org/conda-forge/linux-64/libgettextpo-0.25.1-h3f43e3d_1.conda#2f4de899028319b27eb7a4023be5dfd2
https://conda.anaconda.org/conda-forge/linux-64/libgfortran-15.2.0-h69a702a_18.conda#9063115da5bc35fdc3e1002e69b9ef6e
https://conda.anaconda.org/conda-forge/linux-64/libpng-1.6.55-h421ea60_0.conda#5f13ffc7d30ffec87864e678df9957b4
https://conda.anaconda.org/conda-forge/linux-64/libsqlite-3.52.0-h0c1763c_0.conda#a7bda2babcbb004443cb1c0be9a8c353
https://conda.anaconda.org/conda-forge/linux-64/libssh2-1.11.1-hcf80075_0.conda#eecce068c7e4eddeb169591baac20ac4
https://conda.anaconda.org/conda-forge/linux-64/libstdcxx-ng-15.2.0-hdf11a46_18.conda#6235adb93d064ecdf3d44faee6f468de
https://conda.anaconda.org/conda-forge/linux-64/libxcb-1.17.0-h8a09558_0.conda#92ed62436b625154323d40d5f2f11dd7
https://conda.anaconda.org/conda-forge/linux-64/libxcrypt-4.4.36-hd590300_1.conda#5aa797f8787fe7a17d1b0821485b5adc
https://conda.anaconda.org/conda-forge/linux-64/llvm-openmp-15.0.7-h0cdce71_0.conda#589c9a3575a050b583241c3d688ad9aa
https://conda.anaconda.org/conda-forge/linux-64/opencl-headers-2025.06.13-h5888daf_0.conda#45c3d2c224002d6d0d7769142b29f986
https://conda.anaconda.org/conda-forge/linux-64/pcre2-10.47-haa7fec5_0.conda#7a3bff861a6583f1889021facefc08b1
https://conda.anaconda.org/conda-forge/linux-64/pixman-0.46.4-h54a6638_1.conda#c01af13bdc553d1a8fbfff6e8db075f0
https://conda.anaconda.org/conda-forge/linux-64/readline-8.3-h853b02a_0.conda#d7d95fc8287ea7bf33e0e7116d2b95ec
https://conda.anaconda.org/conda-forge/linux-64/s2n-1.7.0-ha63dd3a_1.conda#f9bb0a7187f2e25b19cde17aa8c846c4
https://conda.anaconda.org/conda-forge/linux-64/tk-8.6.13-noxft_h366c992_103.conda#cffd3bdd58090148f4cfcd831f4b26ab
https://conda.anaconda.org/conda-forge/linux-64/uv-0.10.9-h6dd6661_0.conda#b99607243dfdc1759603fa3567d799a7
https://conda.anaconda.org/conda-forge/linux-64/xorg-libsm-1.2.6-he73a12e_0.conda#1c74ff8c35dcadf952a16f752ca5aa49
https://conda.anaconda.org/conda-forge/linux-64/zlib-1.3.1-hb9d3cd8_2.conda#c9f075ab2f33b3bbee9e62d4ad0a6cd8
https://conda.anaconda.org/conda-forge/linux-64/zlib-ng-2.3.3-hceb46e0_1.conda#2aadb0d17215603a82a2a6b0afd9a4cb
https://conda.anaconda.org/conda-forge/linux-64/zstd-1.5.7-hb78ec9c_6.conda#4a13eeac0b5c8e5b8ab496e6c4ddd829
https://conda.anaconda.org/conda-forge/linux-64/aws-c-io-0.26.1-h3ca20c3_1.conda#c9aa75692f24cce182c3ecd001a1a595
https://conda.anaconda.org/conda-forge/linux-64/brotli-bin-1.2.0-hb03c661_1.conda#af39b9a8711d4a8d437b52c1d78eb6a1
https://conda.anaconda.org/conda-forge/linux-64/cuda-cudart-12.4.127-he02047a_2.conda#a748faa52331983fc3adcc3b116fe0e4
https://conda.anaconda.org/conda-forge/linux-64/cuda-cupti-12.4.127-he02047a_2.conda#46422ef1b1161fb180027e50c598ecd0
https://conda.anaconda.org/conda-forge/linux-64/cuda-nvrtc-12.4.127-he02047a_2.conda#80baf6262f4a1a0dde42d85aaa393402
https://conda.anaconda.org/conda-forge/linux-64/cuda-nvtx-12.4.127-he02047a_2.conda#656a004b6e44f50ce71c65cab0d429b4
https://conda.anaconda.org/conda-forge/linux-64/gmp-6.3.0-hac33072_2.conda#c94a5994ef49749880a8139cf9afcbe1
https://conda.anaconda.org/conda-forge/linux-64/icu-75.1-he02047a_0.conda#8b189310083baabfb622af68fd9d3ae3
https://conda.anaconda.org/conda-forge/linux-64/krb5-1.21.3-h659f571_0.conda#3f43953b7d3fb3aaa1d0d0723d91e368
https://conda.anaconda.org/conda-forge/linux-64/ld_impl_linux-64-2.45.1-default_hbd61a6d_101.conda#12bd9a3f089ee6c9266a37dab82afabd
https://conda.anaconda.org/conda-forge/linux-64/libcufft-11.2.1.3-he02047a_2.conda#d2641a67c207946ef96f1328c4a8e8ed
https://conda.anaconda.org/conda-forge/linux-64/libcufile-1.9.1.3-he02047a_2.conda#a051267bcb1912467c81d802a7d3465e
https://conda.anaconda.org/conda-forge/linux-64/libcurand-10.3.5.147-he02047a_2.conda#9c4886d513fd477df88d411cd274c202
https://conda.anaconda.org/conda-forge/linux-64/libfreetype6-2.14.2-h73754d4_0.conda#8eaba3d1a4d7525c6814e861614457fd
https://conda.anaconda.org/conda-forge/linux-64/libgfortran-ng-15.2.0-h69a702a_18.conda#26d7b228de99d6fb032ba4d5c1679040
https://conda.anaconda.org/conda-forge/linux-64/libglib-2.86.4-h6548e54_1.conda#bb26456332b07f68bf3b7622ed71c0da
https://conda.anaconda.org/conda-forge/linux-64/libnpp-12.2.5.30-he02047a_2.conda#a96a1edd18bee676cf2dcca251d3d6a4
https://conda.anaconda.org/conda-forge/linux-64/libnvfatbin-12.4.127-he02047a_2.conda#d746b76642b4ac6e40f1219405672beb
https://conda.anaconda.org/conda-forge/linux-64/libnvjitlink-12.4.127-he02047a_2.conda#303845d6c48bf4185dc4138634650468
https://conda.anaconda.org/conda-forge/linux-64/libnvjpeg-12.3.1.117-he02047a_2.conda#8f3ed0e41a4b505de40b4f96f4bfb0fa
https://conda.anaconda.org/conda-forge/linux-64/libtiff-4.7.1-h9d88235_1.conda#cd5a90476766d53e901500df9215e927
https://conda.anaconda.org/conda-forge/linux-64/ocl-icd-2.3.3-hb9d3cd8_0.conda#56f8947aa9d5cf37b0b3d43b83f34192
https://conda.anaconda.org/conda-forge/linux-64/perl-5.32.1-7_hd590300_perl5.conda#f2cfec9406850991f4e3d960cc9e3321
https://conda.anaconda.org/conda-forge/linux-64/qhull-2020.2-h434a139_5.conda#353823361b1d27eb3960efb076dfcaf6
https://conda.anaconda.org/conda-forge/linux-64/xorg-libx11-1.8.13-he1eb515_0.conda#861fb6ccbc677bb9a9fb2468430b9c6a
https://conda.anaconda.org/conda-forge/linux-64/aws-c-event-stream-0.5.9-h841be55_2.conda#7e1ea1a67435a32e04305fda877acd1e
https://conda.anaconda.org/conda-forge/linux-64/aws-c-http-0.10.10-hf621c6d_0.conda#977e7d3cba1ef84fc088869b292672fe
https://conda.anaconda.org/conda-forge/linux-64/brotli-1.2.0-hed03a55_1.conda#8ccf913aaba749a5496c17629d859ed1
https://conda.anaconda.org/conda-forge/linux-64/cuda-opencl-12.4.127-he02047a_1.conda#1e98deda07c14d26c80d124cf0eb011a
https://conda.anaconda.org/conda-forge/linux-64/cyrus-sasl-2.1.28-hd9c7081_0.conda#cae723309a49399d2949362f4ab5c9e4
https://conda.anaconda.org/conda-forge/linux-64/lcms2-2.18-h0c24ade_0.conda#6f2e2c8f58160147c4d1c6f4c14cbac4
https://conda.anaconda.org/conda-forge/linux-64/libboost-1.86.0-hed09d94_4.conda#b708abf3b6a0f3cf2f833d2edf18aff0
https://conda.anaconda.org/conda-forge/linux-64/libcublas-12.4.5.8-he02047a_2.conda#d446adae085aa1ff37c44b69988a6f06
https://conda.anaconda.org/conda-forge/linux-64/libcusparse-12.3.1.170-he02047a_2.conda#1c4c7ff54dc5b947f2ab8f5ff8a28dae
https://conda.anaconda.org/conda-forge/linux-64/libfreetype-2.14.2-ha770c72_0.conda#26c746d14402a3b6c684d045b23b9437
https://conda.anaconda.org/conda-forge/linux-64/libxml2-2.13.9-h04c0eec_0.conda#35eeb0a2add53b1e50218ed230fa6a02
https://conda.anaconda.org/conda-forge/linux-64/mpfr-4.2.1-h90cbb55_3.conda#2eeb50cab6652538eee8fc0bc3340c81
https://conda.anaconda.org/conda-forge/linux-64/openjpeg-2.5.4-h55fea9a_0.conda#11b3379b191f63139e29c0d19dee24cd
https://conda.anaconda.org/conda-forge/linux-64/openmpi-4.1.6-hc5af2df_101.conda#f9a2ad0088ee38f396350515fa37d243
https://conda.anaconda.org/conda-forge/linux-64/python-3.12.13-hd63d673_0_cpython.conda#7eccb41177e15cc672e1babe9056018e
https://conda.anaconda.org/conda-forge/linux-64/xorg-libxext-1.3.7-hb03c661_0.conda#34e54f03dfea3e7a2dcf1453a85f1085
https://conda.anaconda.org/conda-forge/linux-64/xorg-libxrender-0.9.12-hb9d3cd8_0.conda#96d57aba173e878a2089d5638016dc5e
https://conda.anaconda.org/conda-forge/noarch/absl-py-2.4.0-pyhd8ed1ab_0.conda#a46362fa67f5138d526715107be0ee32
https://conda.anaconda.org/conda-forge/noarch/annotated-doc-0.0.4-pyhcf101f3_0.conda#52be5139047efadaeeb19c6a5103f92a
https://conda.anaconda.org/conda-forge/noarch/appdirs-1.4.4-pyhd8ed1ab_1.conda#f4e90937bbfc3a4a92539545a37bb448
https://conda.anaconda.org/conda-forge/noarch/argparse-dataclass-2.0.0-pyhd8ed1ab_1.conda#3c0e753fd317fa10d34020a2bc8add8e
https://conda.anaconda.org/conda-forge/linux-64/aria2-1.37.0-h4e1c2bf_3.conda#216b4c1584c711126c5b8cfe0c5c01ee
https://conda.anaconda.org/conda-forge/noarch/attrs-25.4.0-pyhcf101f3_1.conda#537296d57ea995666c68c821b00e360b
https://conda.anaconda.org/conda-forge/linux-64/aws-c-auth-0.9.6-hb9c0fe4_1.conda#b1143a5b5a03ee174b3f3f7c49df3c09
https://conda.anaconda.org/conda-forge/linux-64/aws-c-mqtt-0.14.0-ha25ca29_1.conda#a827b063719f5aac504d06ac77cc3125
https://conda.anaconda.org/conda-forge/linux-64/backports.zstd-1.3.0-py312h90b7ffd_0.conda#5b8c55fed2e576dde4b0b33693a4fdb1
https://conda.anaconda.org/conda-forge/linux-64/brotli-python-1.2.0-py312hdb49522_1.conda#64088dffd7413a2dd557ce837b4cbbdb
https://conda.anaconda.org/conda-forge/noarch/certifi-2026.2.25-pyhd8ed1ab_0.conda#765c4d97e877cdbbb88ff33152b86125
https://conda.anaconda.org/conda-forge/noarch/charset-normalizer-3.4.5-pyhd8ed1ab_0.conda#beb628209b2b354b98203066f90b3287
https://conda.anaconda.org/conda-forge/noarch/click-8.3.1-pyh8f84b5b_1.conda#ea8a6c3256897cc31263de9f455e25d9
https://conda.anaconda.org/conda-forge/noarch/colorama-0.4.6-pyhd8ed1ab_1.conda#962b9857ee8e7018c22f2776ffa0b2d7
https://conda.anaconda.org/conda-forge/noarch/connection_pool-0.0.3-pyhd3deb0d_0.tar.bz2#e270fff08907db8691c02a0eda8d38ae
https://conda.anaconda.org/conda-forge/noarch/cpython-3.12.13-py312hd8ed1ab_0.conda#f54c1ffb8ecedb85a8b7fcde3a187212
https://conda.anaconda.org/conda-forge/noarch/cycler-0.12.1-pyhcf101f3_2.conda#4c2a8fef270f6c69591889b93f9f55c1
https://conda.anaconda.org/conda-forge/noarch/distro-1.8.0-pyhd8ed1ab_0.conda#67999c5465064480fa8016d00ac768f6
https://conda.anaconda.org/conda-forge/linux-64/docutils-0.18.1-py312h7900ff3_1.conda#09365878b2c29a847deca0d9e1d56756
https://conda.anaconda.org/conda-forge/noarch/dpath-2.2.0-pyha770c72_1.conda#7b2af124684a994217e62c641bca2e48
https://conda.anaconda.org/conda-forge/noarch/eval_type_backport-0.3.1-pyha770c72_0.conda#9cb8eae2a1f3e4a2cb8c53559abf6d75
https://conda.anaconda.org/conda-forge/noarch/filelock-3.25.2-pyhd8ed1ab_0.conda#f58064cec97b12a7136ebb8a6f8a129b
https://conda.anaconda.org/conda-forge/linux-64/fontconfig-2.17.1-h27c8c51_0.conda#867127763fbe935bab59815b6e0b7b5c
https://conda.anaconda.org/conda-forge/linux-64/freetype-2.14.2-ha770c72_0.conda#eeec961fec28e747e1e1dc0446277452
https://conda.anaconda.org/conda-forge/noarch/fsspec-2026.2.0-pyhd8ed1ab_0.conda#496c6c9411a6284addf55c898d6ed8d7
https://conda.anaconda.org/conda-forge/noarch/func_timeout-4.3.5-pyhd8ed1ab_1.conda#0ddc5bd5579ca954a1f9cffe435c0f42
https://conda.anaconda.org/conda-forge/linux-64/gawk-5.3.1-hcd3d067_0.conda#91d4414ab699180b2b0b10b8112c5a2f
https://conda.anaconda.org/conda-forge/linux-64/greenlet-3.3.2-py312h8285ef7_0.conda#db6bba1610e5c4256d2892ec2997c425
https://conda.anaconda.org/bioconda/linux-64/hhsuite-3.3.0-h503566f_15.tar.bz2#e801804120ec051c8a1f8359e7e25067
https://conda.anaconda.org/conda-forge/noarch/hpack-4.1.0-pyhd8ed1ab_0.conda#0a802cb9888dd14eeefc611f05c40b6e
https://conda.anaconda.org/conda-forge/noarch/humanfriendly-10.0-pyh707e725_8.conda#7fe569c10905402ed47024fc481bb371
https://conda.anaconda.org/conda-forge/noarch/hyperframe-6.1.0-pyhd8ed1ab_0.conda#8e6923fc12f1fe8f8c4e5c9f343256ac
https://conda.anaconda.org/conda-forge/noarch/idna-3.11-pyhd8ed1ab_0.conda#53abe63df7e10a6ba605dc5f9f961d36
https://conda.anaconda.org/conda-forge/noarch/ijson-3.5.0-pyhd8ed1ab_0.conda#eac0aa15551be351e07d3b8717b2269f
https://conda.anaconda.org/conda-forge/linux-64/immutables-0.21-py312h4c3975b_2.conda#4cf92a9dd8712cdde044fb56be498bd4
https://conda.anaconda.org/conda-forge/noarch/jmespath-1.0.1-pyhd8ed1ab_1.conda#972bdca8f30147135f951847b30399ea
https://conda.anaconda.org/conda-forge/linux-64/kiwisolver-1.5.0-py312h0a2e395_0.conda#cd74a9525dc74bbbf93cf8aa2fa9eb5b
https://conda.anaconda.org/conda-forge/linux-64/libcusolver-11.6.1.9-he02047a_2.conda#9f6877f8936be962f598db5e9b8efc51
https://conda.anaconda.org/conda-forge/linux-64/libhwloc-2.12.1-default_h3d81e11_1000.conda#d821210ab60be56dd27b5525ed18366d
https://conda.anaconda.org/conda-forge/noarch/logmuse-0.2.8-pyhd8ed1ab_1.conda#7966fa985b84beb9ec674cf123f726f0
https://conda.anaconda.org/conda-forge/linux-64/markupsafe-3.0.3-py312h8a5da7c_1.conda#93a4752d42b12943a355b682ee43285b
https://conda.anaconda.org/conda-forge/noarch/mdurl-0.1.2-pyhd8ed1ab_1.conda#592132998493b3ff25fd7479396e8351
https://conda.anaconda.org/conda-forge/linux-64/mpc-1.3.1-h24ddda3_1.conda#aa14b9a5196a6d8dd364164b7ce56acf
https://conda.anaconda.org/conda-forge/noarch/mpmath-1.4.0-pyhd8ed1ab_0.conda#74149a38e723261f9f61bddd69e90022
https://conda.anaconda.org/conda-forge/linux-64/msgpack-python-1.1.2-py312hd9148b4_1.conda#2e489969e38f0b428c39492619b5e6e5
https://conda.anaconda.org/conda-forge/noarch/munkres-1.1.4-pyhd8ed1ab_1.conda#37293a85a0f4f77bbd9cf7aaefc62609
https://conda.anaconda.org/conda-forge/noarch/networkx-3.6.1-pyhcf101f3_0.conda#a2c1eeadae7a309daed9d62c96012a2b
https://conda.anaconda.org/conda-forge/linux-64/openldap-2.6.10-he970967_0.conda#2e5bf4f1da39c0b32778561c3c4e5878
https://conda.anaconda.org/conda-forge/noarch/packaging-25.0-pyh29332c3_1.conda#58335b26c38bf4a20f399384c33cbcf9
https://conda.anaconda.org/conda-forge/linux-64/pillow-12.1.1-py312h50c33e8_0.conda#c5eff3ada1a829f0bdb780dc4b62bbae
https://conda.anaconda.org/conda-forge/noarch/platformdirs-4.9.4-pyhcf101f3_0.conda#82c1787f2a65c0155ef9652466ee98d6
https://conda.anaconda.org/conda-forge/linux-64/protobuf-6.33.5-py312ha7b3241_2.conda#0aee4f9ff95fc4bc78264a93e2a74adf
https://conda.anaconda.org/conda-forge/linux-64/psutil-7.2.2-py312h5253ce2_0.conda#dd94c506b119130aef5a9382aed648e7
https://conda.anaconda.org/conda-forge/noarch/pygments-2.19.2-pyhd8ed1ab_0.conda#6b6ece66ebcae2d5f326c77ef2c5a066
https://conda.anaconda.org/conda-forge/noarch/pyparsing-3.3.2-pyhcf101f3_0.conda#3687cc0b82a8b4c17e1f0eb7e47163d5
https://conda.anaconda.org/conda-forge/noarch/pysocks-1.7.1-pyha55dd90_7.conda#461219d1a5bd61342293efa2c0c90eac
https://conda.anaconda.org/conda-forge/noarch/python-fastjsonschema-2.21.2-pyhe01879c_0.conda#23029aae904a2ba587daba708208012f
https://conda.anaconda.org/conda-forge/linux-64/python-lmdb-1.6.2-py312h8fd8f52_0.conda#995b1d080a29dc7dc91f3a1889623631
https://conda.anaconda.org/conda-forge/linux-64/pyyaml-6.0.3-py312h8a5da7c_1.conda#15878599a87992e44c059731771591cb
https://conda.anaconda.org/conda-forge/noarch/reretry-0.11.8-pyhd8ed1ab_1.conda#b965b0dfdb3c89966a6a25060f73aa67
https://conda.anaconda.org/conda-forge/linux-64/rpds-py-0.30.0-py312h868fb18_0.conda#3ffc5a3572db8751c2f15bacf6a0e937
https://conda.anaconda.org/conda-forge/linux-64/ruamel.yaml.clib-0.2.12-py312h4c3975b_1.conda#0b612e709fe8c0b0f45db418037a7424
https://conda.anaconda.org/conda-forge/linux-64/setproctitle-1.3.7-py312h5253ce2_0.conda#bed00a090df33c7ba0db3d09f2e4293c
https://conda.anaconda.org/conda-forge/noarch/setuptools-82.0.1-pyh332efcf_0.conda#8e194e7b992f99a5015edbd4ebd38efd
https://conda.anaconda.org/conda-forge/noarch/shellingham-1.5.4-pyhd8ed1ab_2.conda#83ea3a2ddb7a75c1b09cea582aa4f106
https://conda.anaconda.org/conda-forge/noarch/six-1.17.0-pyhe01879c_1.conda#3339e3b65d58accf4ca4fb8748ab16b3
https://conda.anaconda.org/conda-forge/noarch/slack-sdk-3.41.0-pyhcf101f3_0.conda#229fe55c589e0dc0c6b4912873703c3a
https://conda.anaconda.org/conda-forge/noarch/smmap-5.0.2-pyhd8ed1ab_0.conda#87f47a78808baf2fa1ea9c315a1e48f1
https://conda.anaconda.org/conda-forge/noarch/tabulate-0.10.0-pyhcf101f3_0.conda#3b887b7b3468b0f494b4fad40178b043
https://conda.anaconda.org/conda-forge/noarch/throttler-1.2.2-pyhd8ed1ab_0.conda#6fc48bef3b400c82abaee323a9d4e290
https://conda.anaconda.org/conda-forge/noarch/toml-0.10.2-pyhcf101f3_3.conda#d0fc809fa4c4d85e959ce4ab6e1de800
https://conda.anaconda.org/conda-forge/noarch/tqdm-4.67.3-pyh8f84b5b_0.conda#e5ce43272193b38c2e9037446c1d9206
https://conda.anaconda.org/conda-forge/noarch/traitlets-5.14.3-pyhd8ed1ab_1.conda#019a7385be9af33791c989871317e1ed
https://conda.anaconda.org/conda-forge/noarch/typing-3.10.0.0-pyhd8ed1ab_2.conda#28abeb80aea7eb4914f3a7543a47e248
https://conda.anaconda.org/conda-forge/noarch/typing_extensions-4.15.0-pyhcf101f3_0.conda#0caa1af407ecff61170c9437a808404d
https://conda.anaconda.org/conda-forge/noarch/ubiquerg-0.9.1-pyhd8ed1ab_0.conda#5d3f41b0d51a614e1969e1cd5121d78d
https://conda.anaconda.org/conda-forge/linux-64/unicodedata2-17.0.1-py312h4c3975b_0.conda#0b6c506ec1f272b685240e70a29261b8
https://conda.anaconda.org/conda-forge/noarch/wcwidth-0.2.14-pyhd8ed1ab_0.conda#7e1e5ff31239f9cd5855714df8a3783d
https://conda.anaconda.org/conda-forge/linux-64/wrapt-1.17.3-py312h4c3975b_1.conda#8af3faf88325836e46c6cb79828e058c
https://conda.anaconda.org/conda-forge/noarch/amply-0.1.6-pyhd8ed1ab_1.conda#5a81866192811f3a0827f5f93e589f02
https://conda.anaconda.org/conda-forge/linux-64/aws-c-s3-0.11.5-h9b5df67_3.conda#1f130ac4eb7f1dea1ae4b5f53683e3aa
https://conda.anaconda.org/conda-forge/linux-64/cairo-1.18.4-h3394656_0.conda#09262e66b19567aff4f592fb53b28760
https://conda.anaconda.org/conda-forge/noarch/coloredlogs-15.0.1-pyhd8ed1ab_4.conda#b866ff7007b934d564961066c8195983
https://conda.anaconda.org/conda-forge/noarch/conda-inject-1.3.2-pyhd8ed1ab_0.conda#e52c2a160d6bd0649c9fafdf0c813357
https://conda.anaconda.org/conda-forge/noarch/configargparse-1.7.5-pyhcf101f3_0.conda#12389a21e7f69704b0ae77f44355e30b
https://conda.anaconda.org/conda-forge/linux-64/cuda-libraries-12.4.1-ha770c72_1.conda#6bb3f998485d4344a7539e0b218b3fc1
https://conda.anaconda.org/conda-forge/noarch/docker-pycreds-0.4.0-py_0.tar.bz2#c69f19038efee4eb534623610d0c2053
https://conda.anaconda.org/conda-forge/linux-64/fonttools-4.62.0-py312h8a5da7c_0.conda#526f7ffd63820e55d7992cc1cf931a36
https://conda.anaconda.org/conda-forge/noarch/freetype-py-2.3.0-pyhd8ed1ab_0.tar.bz2#e4a165cdbbaed5bbb6e653b823156151
https://conda.anaconda.org/conda-forge/noarch/gitdb-4.0.12-pyhd8ed1ab_0.conda#7c14f3706e099f8fcd47af2d494616cc
https://conda.anaconda.org/conda-forge/linux-64/gmpy2-2.3.0-py312hcaba1f9_1.conda#fedbe80d864debab03541e1b447fc12a
https://conda.anaconda.org/conda-forge/noarch/h2-4.3.0-pyhcf101f3_0.conda#164fc43f0b53b6e3a7bc7dce5e4f1dc9
https://conda.anaconda.org/conda-forge/linux-64/ihm-2.9-py312h4c3975b_0.conda#130e24001009df787b29406de3fde88b
https://conda.anaconda.org/conda-forge/noarch/jinja2-3.1.6-pyhcf101f3_1.conda#04558c96691bed63104678757beb4f8d
https://conda.anaconda.org/conda-forge/noarch/jupyter_core-5.9.1-pyhc90fa1f_0.conda#b38fe4e78ee75def7e599843ef4c1ab0
https://conda.anaconda.org/conda-forge/linux-64/libpq-18.1-h5c52fec_2.conda#a8ac9a6342569d1714ae1b53ae2fcadb
https://conda.anaconda.org/conda-forge/noarch/lightning-utilities-0.15.3-pyhd8ed1ab_0.conda#237d294ca3acd678f590f1754e090802
https://conda.anaconda.org/conda-forge/noarch/markdown-it-py-4.0.0-pyhd8ed1ab_0.conda#5b5203189eb668f042ac2b0826244964
https://conda.anaconda.org/conda-forge/noarch/memory_profiler-0.61.0-pyhcf101f3_1.conda#e1bccffd88819e75729412799824e270
https://conda.anaconda.org/conda-forge/noarch/ml-collections-1.0.0-pyh29332c3_0.conda#661f552a80844d1b4261d06307d2190a
https://conda.anaconda.org/bioconda/linux-64/mmseqs2-18.8cc5c-hd6d6fdc_0.tar.bz2#a11c5e78c9e77099aa3a2291710292e3
https://conda.anaconda.org/conda-forge/noarch/prompt-toolkit-3.0.51-pyha770c72_0.conda#d17ae9db4dc594267181bd199bf9a551
https://conda.anaconda.org/conda-forge/noarch/python-dateutil-2.9.0-pyhd8ed1ab_0.conda#2cf4264fffb9e6eff6031c5b6884d61c
https://conda.anaconda.org/conda-forge/noarch/referencing-0.37.0-pyhcf101f3_0.conda#870293df500ca7e18bedefa5838a22ab
https://conda.anaconda.org/conda-forge/linux-64/ruamel.yaml-0.17.17-py312h4c3975b_4.conda#af4033057075602077c471926769f020
https://conda.anaconda.org/conda-forge/noarch/slack_sdk-3.41.0-pyh5d57e55_0.conda#e946e02ef7fe85809a0d051684f3a0f3
https://conda.anaconda.org/conda-forge/noarch/smart_open-7.5.1-pyhcf101f3_0.conda#bdb3de24557a6b6e6283d2ed5daf8e01
https://conda.anaconda.org/conda-forge/linux-64/tbb-2021.13.0-h8d10470_4.conda#e6d46d70c68d0eb69b9a040ebe3acddf
https://conda.anaconda.org/conda-forge/noarch/typing-extensions-4.15.0-h396c80c_0.conda#edd329d7d3a4ab45dcf905899a7a6115
https://conda.anaconda.org/conda-forge/noarch/typing-inspection-0.4.2-pyhd8ed1ab_1.conda#a0a4a3035667fc34f29bfbd5c190baa6
https://conda.anaconda.org/conda-forge/noarch/wheel-0.46.3-pyhd8ed1ab_0.conda#bdbd7385b4a67025ac2dba4ef8cb6a8f
https://conda.anaconda.org/conda-forge/noarch/yte-1.9.4-pyhd8ed1ab_0.conda#89d5edf5d52d3bc1ed4d7d3feef508ba
https://conda.anaconda.org/conda-forge/noarch/annotated-types-0.7.0-pyhd8ed1ab_1.conda#2934f256a8acfe48f6ebb4fce6cde29c
https://conda.anaconda.org/conda-forge/linux-64/awscrt-0.31.2-py312h98e5670_3.conda#7ea2f154d5b9fd3dce918368910c4752
https://conda.anaconda.org/conda-forge/noarch/cuda-runtime-12.4.1-ha804496_0.conda#48829f4ef6005ae8d4867b99168ff2b8
https://conda.anaconda.org/conda-forge/noarch/gitpython-3.1.46-pyhd8ed1ab_0.conda#74c0cfdd5359cd2a1f178a4c3d0bd3a5
https://conda.anaconda.org/conda-forge/noarch/jsonschema-specifications-2025.9.1-pyhcf101f3_0.conda#439cd0f567d697b20a8f45cb70a1005a
https://conda.anaconda.org/conda-forge/linux-64/librdkit-2025.09.3-h3c5c181_0.conda#c76e60c43d7089f12900986ff9b2cf87
https://conda.anaconda.org/conda-forge/linux-64/mkl-2023.2.0-ha770c72_50498.conda#0ef2680575d5b0d9082c287c7eef11f8
https://conda.anaconda.org/conda-forge/noarch/modelcif-1.6-pyhd8ed1ab_0.conda#fd9be1295c4b66b5af53679c8b188a5d
https://conda.anaconda.org/conda-forge/noarch/pip-26.0.1-pyh8b19718_0.conda#67bdec43082fd8a9cffb9484420b39a2
https://conda.anaconda.org/conda-forge/linux-64/pycairo-1.29.0-py312h2596900_1.conda#7766c2ad93e65415f4289de684261550
https://conda.anaconda.org/conda-forge/linux-64/pydantic-core-2.41.5-py312h868fb18_1.conda#56a776330a7d21db63a7c9d6c3711a04
https://conda.anaconda.org/conda-forge/noarch/rich-14.3.3-pyhcf101f3_0.conda#7a6289c50631d620652f5045a63eb573
https://conda.anaconda.org/bioconda/noarch/snakemake-interface-common-1.23.0-pyh84498cf_0.conda#9e6c1430992f6fe49bc25030426f5969
https://conda.anaconda.org/conda-forge/linux-64/sqlalchemy-2.0.48-py312h5253ce2_0.conda#8279b6aea65b8141f6ec46804321bf8a
https://conda.anaconda.org/conda-forge/noarch/sympy-1.14.0-pyh2585a3b_106.conda#32d866e43b25275f61566b9391ccb7b5
https://conda.anaconda.org/conda-forge/noarch/urllib3-2.6.3-pyhd8ed1ab_0.conda#9272daa869e03efe68833e3dc7a02130
https://conda.anaconda.org/conda-forge/linux-64/awscli-2.34.8-py312h20c3967_0.conda#40760d1ebcfb3e62568483953a9e04d7
https://conda.anaconda.org/conda-forge/linux-64/blas-1.0-mkl.tar.bz2#349aef876b1d8c9dccae01de20d5b385
https://conda.anaconda.org/conda-forge/noarch/botocore-1.42.67-pyhd8ed1ab_0.conda#d09f1048d62ebab8cab1ccbf7b1d36ee
https://conda.anaconda.org/conda-forge/noarch/jsonschema-4.26.0-pyhcf101f3_0.conda#ada41c863af263cc4c5fcbaff7c3e4dc
https://conda.anaconda.org/conda-forge/linux-64/libblas-3.9.0-20_linux64_mkl.conda#8bf521f6007b0b0eb91515a1165b5d85
https://conda.anaconda.org/conda-forge/noarch/pydantic-2.12.5-pyhcf101f3_1.conda#c3946ed24acdb28db1b5d63321dbca7d
https://conda.anaconda.org/pytorch/linux-64/pytorch-cuda-12.4-hc786d27_7.tar.bz2#06635b1bbf5e2fef4a8b9b282500cd7b
https://conda.anaconda.org/conda-forge/noarch/requests-2.32.5-pyhcf101f3_1.conda#c65df89a0b2e321045a9e01d1337b182
https://conda.anaconda.org/conda-forge/noarch/rlpycairo-0.4.0-pyh6c17108_0.conda#cc70086eaf08be7f62fd44842c013916
https://conda.anaconda.org/conda-forge/noarch/sentry-sdk-2.54.0-pyhd8ed1ab_0.conda#c2cb59203cd085fe11850178e09b9c01
https://conda.anaconda.org/bioconda/noarch/snakemake-interface-executor-plugins-9.4.0-pyh84498cf_0.conda#0d8bbf1699b16ac225031ae0c73729f8
https://conda.anaconda.org/bioconda/noarch/snakemake-interface-logger-plugins-2.0.0-pyhd4c3c12_0.conda#98f75f2ca3a222992e2230d7afc54bb8
https://conda.anaconda.org/bioconda/noarch/snakemake-interface-report-plugins-1.3.0-pyhd4c3c12_0.conda#e6fd8cfb23b294da699e395dbc968d11
https://conda.anaconda.org/bioconda/noarch/snakemake-interface-scheduler-plugins-2.0.2-pyhd4c3c12_0.conda#1500fccf5e46c7f91d14925449ff3632
https://conda.anaconda.org/bioconda/noarch/snakemake-interface-storage-plugins-4.3.3-pyh84498cf_0.conda#c4ef3a38917ff6cccf1697a3608d3a23
https://conda.anaconda.org/conda-forge/noarch/typer-0.24.0-pyhcf101f3_0.conda#10870929f587540c5802cd9b071cba5c
https://conda.anaconda.org/conda-forge/linux-64/libcblas-3.9.0-20_linux64_mkl.conda#7a2972758a03adc92d856072c71c9170
https://conda.anaconda.org/conda-forge/linux-64/liblapack-3.9.0-20_linux64_mkl.conda#4db0cd03efcdab535f6f066aca4cddbb
https://conda.anaconda.org/conda-forge/noarch/nbformat-5.10.4-pyhd8ed1ab_1.conda#bbe1963f1e47f594070ffe87cdf612ea
https://conda.anaconda.org/conda-forge/noarch/reportlab-4.4.10-pyhcf101f3_1.conda#c89e6c0a10804fb87536a3980685990d
https://conda.anaconda.org/conda-forge/noarch/s3transfer-0.16.0-pyhd8ed1ab_0.conda#061b5affcffeef245d60ec3007d1effd
https://conda.anaconda.org/conda-forge/linux-64/wandb-0.25.1-py312h2dd4075_0.conda#dfbdfed996490e2c1977eb83365c1537
https://conda.anaconda.org/conda-forge/noarch/boto3-1.42.66-pyhd8ed1ab_0.conda#de12fe0d6e2dc6708e7df0119c7a5922
https://conda.anaconda.org/conda-forge/linux-64/coin-or-utils-2.11.13-hc93afbd_0.conda#896d0e11072a71cb301721ba08cdae87
https://conda.anaconda.org/conda-forge/linux-64/gsl-2.7-he838d99_0.tar.bz2#fec079ba39c9cca093bf4c00001825de
https://conda.anaconda.org/conda-forge/linux-64/liblapacke-3.9.0-20_linux64_mkl.conda#3dea5e9be386b963d7f4368966e238b3
https://conda.anaconda.org/conda-forge/linux-64/numpy-2.3.5-py312h33ff503_1.conda#03baecffb72fa96fe234fd505908065f
https://conda.anaconda.org/conda-forge/linux-64/biopython-1.86-py312h4c3975b_1.conda#3ac9618188667d35c7df3f6106cf0117
https://conda.anaconda.org/conda-forge/linux-64/coin-or-osi-0.108.12-hf4fecb4_0.conda#a7bfc4542f5a1fa6f6918505cd85c24b
https://conda.anaconda.org/conda-forge/linux-64/contourpy-1.3.3-py312h0a2e395_4.conda#43c2bc96af3ae5ed9e8a10ded942aa50
https://conda.anaconda.org/bioconda/linux-64/hmmer-3.4-hb6cb901_4.tar.bz2#689f962720e131fe4849e2909181120a
https://conda.anaconda.org/conda-forge/linux-64/libboost-python-1.86.0-py312hf890105_5.conda#1630127107ab1cfb9ca9468f9318fa29
https://conda.anaconda.org/conda-forge/linux-64/pandas-3.0.1-py312h8ecdadd_0.conda#c15e7f8dd2e407188a8b7c0790211206
https://conda.anaconda.org/conda-forge/linux-64/scipy-1.17.1-py312h54fa4ab_0.conda#3e38daeb1fb05a95656ff5af089d2e4c
https://conda.anaconda.org/conda-forge/linux-64/biotraj-1.2.2-py312h8285ef7_2.conda#ee7cd5e5872005b70c0771ba9bdf66da
https://conda.anaconda.org/conda-forge/linux-64/coin-or-clp-1.17.11-hc03379b_0.conda#277ac9d140dd78f37886fde732e2f968
https://conda.anaconda.org/conda-forge/linux-64/matplotlib-base-3.10.8-py312he3d6523_0.conda#b8dc157bbbb69c1407478feede8b7b42
https://conda.anaconda.org/conda-forge/linux-64/biotite-1.6.0-py312h8285ef7_0.conda#05bf8df4f0446d801f83bc4978c2cd8d
https://conda.anaconda.org/conda-forge/linux-64/coin-or-cgl-0.60.10-hc46dffc_0.conda#eebf9946f2de6e0dec0b2fc5d7f69310
https://conda.anaconda.org/conda-forge/linux-64/rdkit-2025.09.3-py312h3ecb6ed_0.conda#a124ddd026e0ba1b3f781f4189dde55d
https://conda.anaconda.org/conda-forge/linux-64/coin-or-cbc-2.10.13-h4d16d09_0.conda#7f0ce038db78c82188c55fbb918f50e1
https://conda.anaconda.org/conda-forge/linux-64/pulp-2.8.0-py312hd0750ca_3.conda#1ade2915cfabbcb8f07e7b4387f4d49b
https://conda.anaconda.org/bioconda/noarch/snakemake-minimal-9.16.2-pyhdfd78af_1.conda#d4a3ce158621b4d8dad4843077c71a69
https://conda.anaconda.org/conda-forge/noarch/eido-0.2.5-pyhd8ed1ab_0.conda#679c2b63523ef75652e5690a39e0f0a2
https://conda.anaconda.org/conda-forge/noarch/pephubclient-0.4.4-pyhd8ed1ab_1.conda#08d92912686d87b05d53ce04f00142c8
https://conda.anaconda.org/conda-forge/noarch/peppy-0.40.8-pyhd8ed1ab_0.conda#af8214b9b5fd6d49175958be2a4f5321
https://conda.anaconda.org/bioconda/noarch/snakemake-9.16.2-hdfd78af_0.conda#5da0df6564ba0bbd4e23911699fdfad1
https://conda.anaconda.org/pytorch/linux-64/pytorch-2.5.1-py3.12_cuda12.4_cudnn9.1.0_0.tar.bz2#42164c6ce8e563c20a542686a8b9b964
https://conda.anaconda.org/conda-forge/noarch/torchmetrics-1.8.2-pyhd8ed1ab_0.conda#5d6e1558a945d0333ae7dc557add7201
https://conda.anaconda.org/pytorch/linux-64/torchtriton-3.1.0-py312.tar.bz2#bb4b2d07cb6b9b476e78740c08ba69fe
https://conda.anaconda.org/conda-forge/noarch/pytorch-lightning-2.6.1-pyhcf101f3_0.conda#e44e84a3b731b1a27cbc75d825db9463
# pip einops @ https://files.pythonhosted.org/packages/2a/09/f8d8f8f31e4483c10a906437b4ce31bdf3d6d417b73fe33f1a8b59e34228/einops-0.8.2-py3-none-any.whl#sha256=54058201ac7087911181bfec4af6091bb59380360f069276601256a76af08193
# pip gemmi @ https://files.pythonhosted.org/packages/e8/88/5a431cd1ea7587408a66947384b39beb2ab2bcc1c87b7c4082f05036719f/gemmi-0.7.5-cp312-cp312-manylinux_2_27_x86_64.manylinux_2_28_x86_64.whl#sha256=217bb9ac9da7c90704026dacfc0a0652a38f4df1e318225d8f35c75f1f8c7ebf
# pip hjson @ https://files.pythonhosted.org/packages/1f/7f/13cd798d180af4bf4c0ceddeefba2b864a63c71645abc0308b768d67bb81/hjson-3.1.0-py3-none-any.whl#sha256=65713cdcf13214fb554eb8b4ef803419733f4f5e551047c9b711098ab7186b89
# pip mpmath @ https://files.pythonhosted.org/packages/43/e3/7d92a15f894aa0c9c4b49b8ee9ac9850d6e63b03c9c32c0367a13ae62209/mpmath-1.3.0-py3-none-any.whl#sha256=a0b2b9fe80bbcd81a6647ff13108738cfb482d481d826cc0e02f5b35e5c88d2c
# pip ninja @ https://files.pythonhosted.org/packages/ed/de/0e6edf44d6a04dabd0318a519125ed0415ce437ad5a1ec9b9be03d9048cf/ninja-1.13.0-py3-none-manylinux2014_x86_64.manylinux_2_17_x86_64.whl#sha256=fb46acf6b93b8dd0322adc3a4945452a4e774b75b91293bafcc7b7f8e6517dfa
# pip py-cpuinfo @ https://files.pythonhosted.org/packages/e0/a9/023730ba63db1e494a271cb018dcd361bd2c917ba7004c3e49d5daf795a2/py_cpuinfo-9.0.0-py3-none-any.whl#sha256=859625bc251f64e21f077d099d4162689c762b5d6a4c3c97553d56241c9674d5
# pip deepspeed @ https://files.pythonhosted.org/packages/30/00/ad310cf94e0e397c416087e6c4dc782429292206b2b1a3ffbd388ac95a67/deepspeed-0.18.7.tar.gz#sha256=3763530196f8e7df8fc56d028a8c64409200695213920dc6cf0045d50c884079
# pip kalign-python @ https://files.pythonhosted.org/packages/e7/20/0c8af1ee16e52253b20918929cf2bba6549d819ca702f56355c3d41c8f75/kalign_python-3.5.1-cp312-cp312-manylinux_2_24_x86_64.manylinux_2_28_x86_64.whl#sha256=8984ee038ad486be95c676a670671b8747261a1d0a8a95416fdd17c633541009
# pip pdbeccdutils @ https://files.pythonhosted.org/packages/58/41/ce394cdda54b37a07ab4a6ddfa286272c15db0bb0d949b287131106b75de/pdbeccdutils-1.0.3-py3-none-any.whl#sha256=95723088feaa50a76f26d25f28d034703edad8daf60f4b5a939109f50b0867d5
# pip sympy @ https://files.pythonhosted.org/packages/b2/fe/81695a1aa331a842b582453b605175f419fe8540355886031328089d840a/sympy-1.13.1-py3-none-any.whl#sha256=db36cdc64bf61b9b24578b6f7bab1ecdd2452cf008f34faa33776680c26d66f8
